
Microsoft Visual Studio Solution File, Format Version 12.00
# Visual Studio Version 17
VisualStudioVersion = 17.11.35312.102
MinimumVisualStudioVersion = 10.0.40219.1
Project("{FAE04EC0-301F-11D3-BF4B-00C04F79EFBC}") = "o1_MainSubjects", "o1_MainSubjects\o1_MainSubjects.csproj", "{33DC0BAB-B4FF-4717-ADB5-7C1AAF11E7D1}"
EndProject
Global
	GlobalSection(SolutionConfigurationPlatforms) = preSolution
		Debug|Any CPU = Debug|Any CPU
		Release|Any CPU = Release|Any CPU
	EndGlobalSection
	GlobalSection(ProjectConfigurationPlatforms) = postSolution
		{33DC0BAB-B4FF-4717-ADB5-7C1AAF11E7D1}.Debug|Any CPU.ActiveCfg = Debug|Any CPU
		{33DC0BAB-B4FF-4717-ADB5-7C1AAF11E7D1}.Debug|Any CPU.Build.0 = Debug|Any CPU
		{33DC0BAB-B4FF-4717-ADB5-7C1AAF11E7D1}.Release|Any CPU.ActiveCfg = Release|Any CPU
		{33DC0BAB-B4FF-4717-ADB5-7C1AAF11E7D1}.Release|Any CPU.Build.0 = Release|Any CPU
	EndGlobalSection
	GlobalSection(SolutionProperties) = preSolution
		HideSolutionNode = FALSE
	EndGlobalSection
	GlobalSection(ExtensibilityGlobals) = postSolution
		SolutionGuid = {10E7B306-49EC-427A-A4AF-1CB0081DD32E}
	EndGlobalSection
EndGlobal
