
Microsoft Visual Studio Solution File, Format Version 12.00
# Visual Studio Version 17
VisualStudioVersion = 17.11.35312.102
MinimumVisualStudioVersion = 10.0.40219.1
Project("{FAE04EC0-301F-11D3-BF4B-00C04F79EFBC}") = "01_MainSubjects", "o1_MainSubjects\01_MainSubjects.csproj", "{33DC0BAB-B4FF-4717-ADB5-7C1AAF11E7D1}"
EndProject
Project("{FAE04EC0-301F-11D3-BF4B-00C04F79EFBC}") = "02_Veriables", "02_Veriables\02_Veriables.csproj", "{B1E0F481-058B-43DF-9DCC-9E591D75696E}"
EndProject
Project("{FAE04EC0-301F-11D3-BF4B-00C04F79EFBC}") = "03_MakingDecision", "03_MakingDecision\03_MakingDecision.csproj", "{0402BC04-30B3-478A-B48E-3655F174B77D}"
EndProject
Project("{FAE04EC0-301F-11D3-BF4B-00C04F79EFBC}") = "04_Loop", "04_Loop\04_Loop.csproj", "{1C12456D-075A-417E-9BBB-4D996C0B26DA}"
EndProject
Project("{FAE04EC0-301F-11D3-BF4B-00C04F79EFBC}") = "05_LoopsWithStars", "05_LoopsWithStars\05_LoopsWithStars.csproj", "{FFA7F963-1A7F-4CFE-87EB-3C5290F75F7D}"
EndProject
Project("{FAE04EC0-301F-11D3-BF4B-00C04F79EFBC}") = "06_Arrays", "06_Arrays\06_Arrays.csproj", "{5C90D301-03C0-4AD7-BBDC-13CD08A9C192}"
EndProject
Project("{FAE04EC0-301F-11D3-BF4B-00C04F79EFBC}") = "07_ForeachLoops", "07_ForeachLoops\07_ForeachLoops.csproj", "{496758D5-79FC-4F9B-8002-75CB077C4DC5}"
EndProject
Project("{FAE04EC0-301F-11D3-BF4B-00C04F79EFBC}") = "08_Methots", "08_Methots\08_Methots.csproj", "{84C63039-BE54-44A5-A12D-DDE0ED15BB65}"
EndProject
Project("{FAE04EC0-301F-11D3-BF4B-00C04F79EFBC}") = "09_DataBase_Project", "09_DataBase_Project\09_DataBase_Project.csproj", "{E53B3A9A-133F-4327-8644-3D264C1B035F}"
EndProject
Project("{FAE04EC0-301F-11D3-BF4B-00C04F79EFBC}") = "10_DataBaseCrud", "10_DataBaseCrud\10_DataBaseCrud.csproj", "{C7486414-7AE1-4D4D-87A4-5739D251E864}"
EndProject
Global
	GlobalSection(SolutionConfigurationPlatforms) = preSolution
		Debug|Any CPU = Debug|Any CPU
		Release|Any CPU = Release|Any CPU
	EndGlobalSection
	GlobalSection(ProjectConfigurationPlatforms) = postSolution
		{33DC0BAB-B4FF-4717-ADB5-7C1AAF11E7D1}.Debug|Any CPU.ActiveCfg = Debug|Any CPU
		{33DC0BAB-B4FF-4717-ADB5-7C1AAF11E7D1}.Debug|Any CPU.Build.0 = Debug|Any CPU
		{33DC0BAB-B4FF-4717-ADB5-7C1AAF11E7D1}.Release|Any CPU.ActiveCfg = Release|Any CPU
		{33DC0BAB-B4FF-4717-ADB5-7C1AAF11E7D1}.Release|Any CPU.Build.0 = Release|Any CPU
		{B1E0F481-058B-43DF-9DCC-9E591D75696E}.Debug|Any CPU.ActiveCfg = Debug|Any CPU
		{B1E0F481-058B-43DF-9DCC-9E591D75696E}.Debug|Any CPU.Build.0 = Debug|Any CPU
		{B1E0F481-058B-43DF-9DCC-9E591D75696E}.Release|Any CPU.ActiveCfg = Release|Any CPU
		{B1E0F481-058B-43DF-9DCC-9E591D75696E}.Release|Any CPU.Build.0 = Release|Any CPU
		{0402BC04-30B3-478A-B48E-3655F174B77D}.Debug|Any CPU.ActiveCfg = Debug|Any CPU
		{0402BC04-30B3-478A-B48E-3655F174B77D}.Debug|Any CPU.Build.0 = Debug|Any CPU
		{0402BC04-30B3-478A-B48E-3655F174B77D}.Release|Any CPU.ActiveCfg = Release|Any CPU
		{0402BC04-30B3-478A-B48E-3655F174B77D}.Release|Any CPU.Build.0 = Release|Any CPU
		{1C12456D-075A-417E-9BBB-4D996C0B26DA}.Debug|Any CPU.ActiveCfg = Debug|Any CPU
		{1C12456D-075A-417E-9BBB-4D996C0B26DA}.Debug|Any CPU.Build.0 = Debug|Any CPU
		{1C12456D-075A-417E-9BBB-4D996C0B26DA}.Release|Any CPU.ActiveCfg = Release|Any CPU
		{1C12456D-075A-417E-9BBB-4D996C0B26DA}.Release|Any CPU.Build.0 = Release|Any CPU
		{FFA7F963-1A7F-4CFE-87EB-3C5290F75F7D}.Debug|Any CPU.ActiveCfg = Debug|Any CPU
		{FFA7F963-1A7F-4CFE-87EB-3C5290F75F7D}.Debug|Any CPU.Build.0 = Debug|Any CPU
		{FFA7F963-1A7F-4CFE-87EB-3C5290F75F7D}.Release|Any CPU.ActiveCfg = Release|Any CPU
		{FFA7F963-1A7F-4CFE-87EB-3C5290F75F7D}.Release|Any CPU.Build.0 = Release|Any CPU
		{5C90D301-03C0-4AD7-BBDC-13CD08A9C192}.Debug|Any CPU.ActiveCfg = Debug|Any CPU
		{5C90D301-03C0-4AD7-BBDC-13CD08A9C192}.Debug|Any CPU.Build.0 = Debug|Any CPU
		{5C90D301-03C0-4AD7-BBDC-13CD08A9C192}.Release|Any CPU.ActiveCfg = Release|Any CPU
		{5C90D301-03C0-4AD7-BBDC-13CD08A9C192}.Release|Any CPU.Build.0 = Release|Any CPU
		{496758D5-79FC-4F9B-8002-75CB077C4DC5}.Debug|Any CPU.ActiveCfg = Debug|Any CPU
		{496758D5-79FC-4F9B-8002-75CB077C4DC5}.Debug|Any CPU.Build.0 = Debug|Any CPU
		{496758D5-79FC-4F9B-8002-75CB077C4DC5}.Release|Any CPU.ActiveCfg = Release|Any CPU
		{496758D5-79FC-4F9B-8002-75CB077C4DC5}.Release|Any CPU.Build.0 = Release|Any CPU
		{84C63039-BE54-44A5-A12D-DDE0ED15BB65}.Debug|Any CPU.ActiveCfg = Debug|Any CPU
		{84C63039-BE54-44A5-A12D-DDE0ED15BB65}.Debug|Any CPU.Build.0 = Debug|Any CPU
		{84C63039-BE54-44A5-A12D-DDE0ED15BB65}.Release|Any CPU.ActiveCfg = Release|Any CPU
		{84C63039-BE54-44A5-A12D-DDE0ED15BB65}.Release|Any CPU.Build.0 = Release|Any CPU
		{E53B3A9A-133F-4327-8644-3D264C1B035F}.Debug|Any CPU.ActiveCfg = Debug|Any CPU
		{E53B3A9A-133F-4327-8644-3D264C1B035F}.Debug|Any CPU.Build.0 = Debug|Any CPU
		{E53B3A9A-133F-4327-8644-3D264C1B035F}.Release|Any CPU.ActiveCfg = Release|Any CPU
		{E53B3A9A-133F-4327-8644-3D264C1B035F}.Release|Any CPU.Build.0 = Release|Any CPU
		{C7486414-7AE1-4D4D-87A4-5739D251E864}.Debug|Any CPU.ActiveCfg = Debug|Any CPU
		{C7486414-7AE1-4D4D-87A4-5739D251E864}.Debug|Any CPU.Build.0 = Debug|Any CPU
		{C7486414-7AE1-4D4D-87A4-5739D251E864}.Release|Any CPU.ActiveCfg = Release|Any CPU
		{C7486414-7AE1-4D4D-87A4-5739D251E864}.Release|Any CPU.Build.0 = Release|Any CPU
	EndGlobalSection
	GlobalSection(SolutionProperties) = preSolution
		HideSolutionNode = FALSE
	EndGlobalSection
	GlobalSection(ExtensibilityGlobals) = postSolution
		SolutionGuid = {10E7B306-49EC-427A-A4AF-1CB0081DD32E}
	EndGlobalSection
EndGlobal
